<?xml version="1.0" encoding="utf-8"?>
<Project ToolsVersion="4.0" xmlns="http://schemas.microsoft.com/developer/msbuild/2003">
  <ItemGroup>
    <Filter Include="Source Files">
      <UniqueIdentifier>{0f307963-e496-48bb-8e9d-6e761a95df8c}</UniqueIdentifier>
      <Extensions>cpp;c;cxx;rc;def;r;odl;idl;hpj;bat</Extensions>
    </Filter>
    <Filter Include="Header Files">
      <UniqueIdentifier>{5fff0a64-c634-4942-a40d-946a92144dcb}</UniqueIdentifier>
      <Extensions>h;hpp;hxx;hm;inl</Extensions>
    </Filter>
    <Filter Include="Resource Files">
      <UniqueIdentifier>{3624dd92-9331-43dc-a467-1ced91aea7e3}</UniqueIdentifier>
      <Extensions>ico;cur;bmp;dlg;rc2;rct;bin;rgs;gif;jpg;jpeg;jpe</Extensions>
    </Filter>
  </ItemGroup>
  <ItemGroup>
    <ClCompile Include="BCMenu.cpp">
      <Filter>Source Files</Filter>
    </ClCompile>
    <ClCompile Include="BLOWFISH.CPP">
      <Filter>Source Files</Filter>
    </ClCompile>
    <ClCompile Include="BtnST.cpp">
      <Filter>Source Files</Filter>
    </ClCompile>
    <ClCompile Include="Common.cpp">
      <Filter>Source Files</Filter>
    </ClCompile>
    <ClCompile Include="crossShow.cpp">
      <Filter>Source Files</Filter>
    </ClCompile>
    <ClCompile Include="renderCurve\cubic.cpp">
      <Filter>Source Files</Filter>
    </ClCompile>
    <ClCompile Include="renderCurve\curvemorphing.cpp">
      <Filter>Source Files</Filter>
    </ClCompile>
    <ClCompile Include="FileTool.cpp">
      <Filter>Source Files</Filter>
    </ClCompile>
    <ClCompile Include="Gc\GCsegmentation.cpp">
      <Filter>Source Files</Filter>
    </ClCompile>
    <ClCompile Include="GlobalFunc.cpp">
      <Filter>Source Files</Filter>
    </ClCompile>
    <ClCompile Include="Gc\graph.cpp">
      <Filter>Source Files</Filter>
    </ClCompile>
    <ClCompile Include="Image.cpp">
      <Filter>Source Files</Filter>
    </ClCompile>
    <ClCompile Include="Gc\maxflow.cpp">
      <Filter>Source Files</Filter>
    </ClCompile>
    <ClCompile Include="meanshift\ms.cpp">
      <Filter>Source Files</Filter>
    </ClCompile>
    <ClCompile Include="meanshift\msImageProcessor.cpp">
      <Filter>Source Files</Filter>
    </ClCompile>
    <ClCompile Include="meanshift\msSys.cpp">
      <Filter>Source Files</Filter>
    </ClCompile>
    <ClCompile Include="renderCurve\MyPoint.cpp">
      <Filter>Source Files</Filter>
    </ClCompile>
    <ClCompile Include="renderCurve\NatCubic.cpp">
      <Filter>Source Files</Filter>
    </ClCompile>
    <ClCompile Include="Portrait Editing.cpp">
      <Filter>Source Files</Filter>
    </ClCompile>
    <ClCompile Include="Portrait EditingDlg.cpp">
      <Filter>Source Files</Filter>
    </ClCompile>
    <ClCompile Include="meanshift\RAList.cpp">
      <Filter>Source Files</Filter>
    </ClCompile>
    <ClCompile Include="meanshift\rlist.cpp">
      <Filter>Source Files</Filter>
    </ClCompile>
    <ClCompile Include="SCEnergy.cpp">
      <Filter>Source Files</Filter>
    </ClCompile>
    <ClCompile Include="Gc\skClustering.cpp">
      <Filter>Source Files</Filter>
    </ClCompile>
    <ClCompile Include="StdAfx.cpp">
      <Filter>Source Files</Filter>
    </ClCompile>
    <ClCompile Include="utility.cpp">
      <Filter>Source Files</Filter>
    </ClCompile>
    <ClCompile Include="XML\XmlFile.cpp">
      <Filter>Source Files</Filter>
    </ClCompile>
    <ClCompile Include="XML\xmlParserSimple.cpp">
      <Filter>Source Files</Filter>
    </ClCompile>
  </ItemGroup>
  <ItemGroup>
    <ResourceCompile Include="Portrait Editing.rc">
      <Filter>Source Files</Filter>
    </ResourceCompile>
  </ItemGroup>
  <ItemGroup>
    <ClInclude Include="BCMenu.h">
      <Filter>Header Files</Filter>
    </ClInclude>
    <ClInclude Include="Gc\block.h">
      <Filter>Header Files</Filter>
    </ClInclude>
    <ClInclude Include="BLOWFISH.H">
      <Filter>Header Files</Filter>
    </ClInclude>
    <ClInclude Include="BtnST.h">
      <Filter>Header Files</Filter>
    </ClInclude>
    <ClInclude Include="CImg.h">
      <Filter>Header Files</Filter>
    </ClInclude>
    <ClInclude Include="Common.h">
      <Filter>Header Files</Filter>
    </ClInclude>
    <ClInclude Include="crossShow.h">
      <Filter>Header Files</Filter>
    </ClInclude>
    <ClInclude Include="renderCurve\cubic.h">
      <Filter>Header Files</Filter>
    </ClInclude>
    <ClInclude Include="renderCurve\curvemorphing.h">
      <Filter>Header Files</Filter>
    </ClInclude>
    <ClInclude Include="DLL_ShapeContext.h">
      <Filter>Header Files</Filter>
    </ClInclude>
    <ClInclude Include="FaceDefine.h">
      <Filter>Header Files</Filter>
    </ClInclude>
    <ClInclude Include="fdapi.h">
      <Filter>Header Files</Filter>
    </ClInclude>
    <ClInclude Include="FileTool.h">
      <Filter>Header Files</Filter>
    </ClInclude>
    <ClInclude Include="fllapi.h">
      <Filter>Header Files</Filter>
    </ClInclude>
    <ClInclude Include="Gc\GCsegmentation.h">
      <Filter>Header Files</Filter>
    </ClInclude>
    <ClInclude Include="GlobalFunc.h">
      <Filter>Header Files</Filter>
    </ClInclude>
    <ClInclude Include="Gc\graph.h">
      <Filter>Header Files</Filter>
    </ClInclude>
    <ClInclude Include="Image.h">
      <Filter>Header Files</Filter>
    </ClInclude>
    <ClInclude Include="meanshift\ms.h">
      <Filter>Header Files</Filter>
    </ClInclude>
    <ClInclude Include="meanshift\msImageProcessor.h">
      <Filter>Header Files</Filter>
    </ClInclude>
    <ClInclude Include="meanshift\msSys.h">
      <Filter>Header Files</Filter>
    </ClInclude>
    <ClInclude Include="renderCurve\MyPoint.h">
      <Filter>Header Files</Filter>
    </ClInclude>
    <ClInclude Include="renderCurve\NatCubic.h">
      <Filter>Header Files</Filter>
    </ClInclude>
    <ClInclude Include="Portrait Editing.h">
      <Filter>Header Files</Filter>
    </ClInclude>
    <ClInclude Include="Portrait EditingDlg.h">
      <Filter>Header Files</Filter>
    </ClInclude>
    <ClInclude Include="PreDefine.h">
      <Filter>Header Files</Filter>
    </ClInclude>
    <ClInclude Include="meanshift\RAList.h">
      <Filter>Header Files</Filter>
    </ClInclude>
    <ClInclude Include="Resource.h">
      <Filter>Header Files</Filter>
    </ClInclude>
    <ClInclude Include="meanshift\rlist.h">
      <Filter>Header Files</Filter>
    </ClInclude>
    <ClInclude Include="SCEnergy.h">
      <Filter>Header Files</Filter>
    </ClInclude>
    <ClInclude Include="Gc\skClustering.h">
      <Filter>Header Files</Filter>
    </ClInclude>
    <ClInclude Include="StdAfx.h">
      <Filter>Header Files</Filter>
    </ClInclude>
    <ClInclude Include="meanshift\tdef.h">
      <Filter>Header Files</Filter>
    </ClInclude>
    <ClInclude Include="utility.h">
      <Filter>Header Files</Filter>
    </ClInclude>
    <ClInclude Include="XML\XmlFile.h">
      <Filter>Header Files</Filter>
    </ClInclude>
    <ClInclude Include="XML\xmlParserSimple.h">
      <Filter>Header Files</Filter>
    </ClInclude>
  </ItemGroup>
  <ItemGroup>
    <None Include="res\background.BMP">
      <Filter>Resource Files</Filter>
    </None>
    <None Include="res\background1.BMP">
      <Filter>Resource Files</Filter>
    </None>
    <None Include="res\brush.BMP">
      <Filter>Resource Files</Filter>
    </None>
    <None Include="res\bt.BMP">
      <Filter>Resource Files</Filter>
    </None>
    <None Include="res\color.BMP">
      <Filter>Resource Files</Filter>
    </None>
    <None Include="res\logo.BMP">
      <Filter>Resource Files</Filter>
    </None>
    <None Include="res\Portrait Editing.ico">
      <Filter>Resource Files</Filter>
    </None>
    <None Include="res\Portrait Editing.rc2">
      <Filter>Resource Files</Filter>
    </None>
    <None Include="res\straw.BMP">
      <Filter>Resource Files</Filter>
    </None>
    <None Include="ReadMe.txt" />
  </ItemGroup>
</Project>